PODS:
  - Alamofire (4.9.1)
  - NVActivityIndicatorView (3.7.0):
    - NVActivityIndicatorView/Presenter (= 3.7.0)
  - NVActivityIndicatorView/Presenter (3.7.0)

DEPENDENCIES:
  - Alamofire (~> 4.7)
  - NVActivityIndicatorView (~> 3.0)

SPEC REPOS:
  trunk:
    - Alamofire
    - NVActivityIndicatorView

SPEC CHECKSUMS:
  Alamofire: 85e8a02c69d6020a0d734f6054870d7ecb75cf18
  NVActivityIndicatorView: d3738df7e2e476aca0ba6bf32a8c9fbcfc33d64b

PODFILE CHECKSUM: f96a2fcc0bbd10fdad0af85a9de047f9371d33dc

COCOAPODS: 1.8.4
